{
    "_meta": {
        "hash": {
            "sha256": "62b4f3b43d48ca658481d396054a4c18334a44cc9be88283ea7fc515fc43476d"
        },
        "pipfile-spec": 6,
        "requires": {
            "python_full_version": "3.14.2",
            "python_version": "3.14"
        },
        "sources": [
            {
                "name": "pypi",
                "url": "https://pypi.org/simple",
                "verify_ssl": true
            }
        ]
    },
    "default": {
        "neo4j": {
            "hashes": [
                "sha256:7fb79e166e281aafd67d521f6611763ebcdc529f26db506c5605f91ddcd825ea",
                "sha256:a92023854da96aed4270e0d03d6429cdd7f0d3335eae977370934f4732de5678"
            ],
            "index": "pypi",
            "markers": "python_version >= '3.10'",
            "version": "==6.0.3"
        },
        "pytz": {
            "hashes": [
                "sha256:360b9e3dbb49a209c21ad61809c7fb453643e048b38924c765813546746e81c3",
                "sha256:5ddf76296dd8c44c26eb8f4b6f35488f3ccbf6fbbd7adee0b7262d43f0ec2f00"
            ],
            "version": "==2025.2"
        }
    },
    "develop": {}
}
